{
  "name": "@aefree/pi-subagents",
  "version": "0.8.1",
  "lockfileVersion": 3,
  "requires": true,
  "packages": {
    "": {
      "name": "@aefree/pi-subagents",
      "version": "0.8.1",
      "license": "MIT",
      "dependencies": {
        "@aefree/pi-capability-registry": "^0.1.0"
      },
      "engines": {
        "node": ">=22.19.0"
      },
      "peerDependencies": {
        "@earendil-works/pi-agent-core": "*",
        "@earendil-works/pi-ai": "*",
        "@earendil-works/pi-coding-agent": "*",
        "@earendil-works/pi-tui": "*",
        "typebox": "*"
      },
      "peerDependenciesMeta": {
        "@earendil-works/pi-agent-core": {
          "optional": true
        },
        "@earendil-works/pi-ai": {
          "optional": true
        },
        "@earendil-works/pi-coding-agent": {
          "optional": true
        },
        "@earendil-works/pi-tui": {
          "optional": true
        },
        "typebox": {
          "optional": true
        }
      }
    },
    "node_modules/@aefree/pi-capability-registry": {
      "version": "0.1.0",
      "resolved": "https://registry.npmjs.org/@aefree/pi-capability-registry/-/pi-capability-registry-0.1.0.tgz",
      "integrity": "sha512-uKnMbIt6KdFb8Cunjg8ev1tBI9ZcG7Bi+Z5JRc9jsP7wiIo/eFta5p649FpmZq/sP4u7toJtBInS9lCvWp3ISQ==",
      "license": "MIT",
      "engines": {
        "node": ">=20"
      }
    }
  }
}
